
Microsoft Visual Studio Solution File, Format Version 12.00
# Visual Studio Version 17
VisualStudioVersion = 17.11.35312.102
MinimumVisualStudioVersion = 10.0.40219.1
Project("{FAE04EC0-301F-11D3-BF4B-00C04F79EFBC}") = "SmartRealEstateManagementSystem", "SmartRealEstateManagementSystem.csproj", "{172A7D1E-EB54-4C6F-96AF-28B419867736}"
EndProject
Global
	GlobalSection(SolutionConfigurationPlatforms) = preSolution
		Debug|Any CPU = Debug|Any CPU
		Release|Any CPU = Release|Any CPU
	EndGlobalSection
	GlobalSection(ProjectConfigurationPlatforms) = postSolution
		{172A7D1E-EB54-4C6F-96AF-28B419867736}.Debug|Any CPU.ActiveCfg = Debug|Any CPU
		{172A7D1E-EB54-4C6F-96AF-28B419867736}.Debug|Any CPU.Build.0 = Debug|Any CPU
		{172A7D1E-EB54-4C6F-96AF-28B419867736}.Release|Any CPU.ActiveCfg = Release|Any CPU
		{172A7D1E-EB54-4C6F-96AF-28B419867736}.Release|Any CPU.Build.0 = Release|Any CPU
	EndGlobalSection
	GlobalSection(SolutionProperties) = preSolution
		HideSolutionNode = FALSE
	EndGlobalSection
	GlobalSection(ExtensibilityGlobals) = postSolution
		SolutionGuid = {82DE813C-2EA8-40E3-86A0-C3D1B629987A}
	EndGlobalSection
EndGlobal
